// !$*UTF8*$!
{
	archiveVersion = 1;
	classes = {
	};
	objectVersion = 56;
	objects = {

/* Begin PBXBuildFile section */
		2A2A54852B1711620058C55D /* AppDelegate.swift in Sources */ = {isa = PBXBuildFile; fileRef = 2A2A54842B1711620058C55D /* AppDelegate.swift */; };
		2A2A54872B1711620058C55D /* SceneDelegate.swift in Sources */ = {isa = PBXBuildFile; fileRef = 2A2A54862B1711620058C55D /* SceneDelegate.swift */; };
		2A2A54892B1711620058C55D /* ReminderListViewController.swift in Sources */ = {isa = PBXBuildFile; fileRef = 2A2A54882B1711620058C55D /* ReminderListViewController.swift */; };
		2A2A548C2B1711620058C55D /* Main.storyboard in Resources */ = {isa = PBXBuildFile; fileRef = 2A2A548A2B1711620058C55D /* Main.storyboard */; };
		2A2A548E2B1711630058C55D /* Assets.xcassets in Resources */ = {isa = PBXBuildFile; fileRef = 2A2A548D2B1711630058C55D /* Assets.xcassets */; };
		2A2A54912B1711630058C55D /* LaunchScreen.storyboard in Resources */ = {isa = PBXBuildFile; fileRef = 2A2A548F2B1711630058C55D /* LaunchScreen.storyboard */; };
		2A2A54992B1716A10058C55D /* .gitignore in Resources */ = {isa = PBXBuildFile; fileRef = 2A2A54982B1716A10058C55D /* .gitignore */; };
		2A2A549C2B171DEF0058C55D /* Reminder.swift in Sources */ = {isa = PBXBuildFile; fileRef = 2A2A549B2B171DEF0058C55D /* Reminder.swift */; };
		2A2A549E2B1748450058C55D /* Date+Today.swift in Sources */ = {isa = PBXBuildFile; fileRef = 2A2A549D2B1748450058C55D /* Date+Today.swift */; };
		2A2A54A12B174ED80058C55D /* ReminderListViewController+DataSource.swift in Sources */ = {isa = PBXBuildFile; fileRef = 2A2A54A02B174ED80058C55D /* ReminderListViewController+DataSource.swift */; };
		2A2A54A72B1777160058C55D /* ReminderDoneButton.swift in Sources */ = {isa = PBXBuildFile; fileRef = 2A2A54A62B1777160058C55D /* ReminderDoneButton.swift */; };
		2A2A54A92B1778910058C55D /* ReminderListViewController+Actions.swift in Sources */ = {isa = PBXBuildFile; fileRef = 2A2A54A82B1778910058C55D /* ReminderListViewController+Actions.swift */; };
		2A4A27B42B1857FA00D39B59 /* ReminderViewController.swift in Sources */ = {isa = PBXBuildFile; fileRef = 2A4A27B32B1857FA00D39B59 /* ReminderViewController.swift */; };
		2A4A27B62B187CFE00D39B59 /* ReminderViewController+Row.swift in Sources */ = {isa = PBXBuildFile; fileRef = 2A4A27B52B187CFE00D39B59 /* ReminderViewController+Row.swift */; };
		2A6B4BA32B30641200A70985 /* DetailScreen.png in Resources */ = {isa = PBXBuildFile; fileRef = 2A6B4BA02B30641200A70985 /* DetailScreen.png */; };
		2A6B4BA42B30641200A70985 /* EditingScreen.png in Resources */ = {isa = PBXBuildFile; fileRef = 2A6B4BA12B30641200A70985 /* EditingScreen.png */; };
		2A7C01762B1DC841009A809B /* ReminderViewController+Section.swift in Sources */ = {isa = PBXBuildFile; fileRef = 2A7C01752B1DC841009A809B /* ReminderViewController+Section.swift */; };
		2A7C01782B1DE957009A809B /* ReminderViewController+CellConfiguration.swift in Sources */ = {isa = PBXBuildFile; fileRef = 2A7C01772B1DE957009A809B /* ReminderViewController+CellConfiguration.swift */; };
		2A7C017C2B1E05D8009A809B /* UIView+PinnedSubviews.swift in Sources */ = {isa = PBXBuildFile; fileRef = 2A7C017B2B1E05D8009A809B /* UIView+PinnedSubviews.swift */; };
		2A7C017E2B1E0A39009A809B /* TextFieldContentView.swift in Sources */ = {isa = PBXBuildFile; fileRef = 2A7C017D2B1E0A39009A809B /* TextFieldContentView.swift */; };
		2A7C01822B1E473C009A809B /* TextViewContentView.swift in Sources */ = {isa = PBXBuildFile; fileRef = 2A7C01812B1E473C009A809B /* TextViewContentView.swift */; };
		2A7C01842B1E4A59009A809B /* DatePickerContentView.swift in Sources */ = {isa = PBXBuildFile; fileRef = 2A7C01832B1E4A59009A809B /* DatePickerContentView.swift */; };
		2AA969472B1A11B10066DB14 /* generate_swiftlint_filelist.sh in Resources */ = {isa = PBXBuildFile; fileRef = 2AA969462B1A0F950066DB14 /* generate_swiftlint_filelist.sh */; };
		2AD188F52B33154900CF27E6 /* ReminderListStyle.swift in Sources */ = {isa = PBXBuildFile; fileRef = 2AD188F42B33154900CF27E6 /* ReminderListStyle.swift */; };
		2AD188F72B331FDA00CF27E6 /* MainScreen.png in Resources */ = {isa = PBXBuildFile; fileRef = 2AD188F62B331FDA00CF27E6 /* MainScreen.png */; };
		2AD188F92B3323F600CF27E6 /* ProgressHeaderView.swift in Sources */ = {isa = PBXBuildFile; fileRef = 2AD188F82B3323F600CF27E6 /* ProgressHeaderView.swift */; };
/* End PBXBuildFile section */

/* Begin PBXFileReference section */
		2A2A54812B1711620058C55D /* Today.app */ = {isa = PBXFileReference; explicitFileType = wrapper.application; includeInIndex = 0; path = Today.app; sourceTree = BUILT_PRODUCTS_DIR; };
		2A2A54842B1711620058C55D /* AppDelegate.swift */ = {isa = PBXFileReference; lastKnownFileType = sourcecode.swift; path = AppDelegate.swift; sourceTree = "<group>"; };
		2A2A54862B1711620058C55D /* SceneDelegate.swift */ = {isa = PBXFileReference; lastKnownFileType = sourcecode.swift; path = SceneDelegate.swift; sourceTree = "<group>"; };
		2A2A54882B1711620058C55D /* ReminderListViewController.swift */ = {isa = PBXFileReference; lastKnownFileType = sourcecode.swift; path = ReminderListViewController.swift; sourceTree = "<group>"; };
		2A2A548B2B1711620058C55D /* Base */ = {isa = PBXFileReference; lastKnownFileType = file.storyboard; name = Base; path = Base.lproj/Main.storyboard; sourceTree = "<group>"; };
		2A2A548D2B1711630058C55D /* Assets.xcassets */ = {isa = PBXFileReference; lastKnownFileType = folder.assetcatalog; path = Assets.xcassets; sourceTree = "<group>"; };
		2A2A54902B1711630058C55D /* Base */ = {isa = PBXFileReference; lastKnownFileType = file.storyboard; name = Base; path = Base.lproj/LaunchScreen.storyboard; sourceTree = "<group>"; };
		2A2A54922B1711630058C55D /* Info.plist */ = {isa = PBXFileReference; lastKnownFileType = text.plist.xml; path = Info.plist; sourceTree = "<group>"; };
		2A2A54982B1716A10058C55D /* .gitignore */ = {isa = PBXFileReference; lastKnownFileType = text; path = .gitignore; sourceTree = "<group>"; };
		2A2A549B2B171DEF0058C55D /* Reminder.swift */ = {isa = PBXFileReference; lastKnownFileType = sourcecode.swift; path = Reminder.swift; sourceTree = "<group>"; };
		2A2A549D2B1748450058C55D /* Date+Today.swift */ = {isa = PBXFileReference; lastKnownFileType = sourcecode.swift; path = "Date+Today.swift"; sourceTree = "<group>"; };
		2A2A54A02B174ED80058C55D /* ReminderListViewController+DataSource.swift */ = {isa = PBXFileReference; lastKnownFileType = sourcecode.swift; path = "ReminderListViewController+DataSource.swift"; sourceTree = "<group>"; };
		2A2A54A62B1777160058C55D /* ReminderDoneButton.swift */ = {isa = PBXFileReference; lastKnownFileType = sourcecode.swift; path = ReminderDoneButton.swift; sourceTree = "<group>"; };
		2A2A54A82B1778910058C55D /* ReminderListViewController+Actions.swift */ = {isa = PBXFileReference; lastKnownFileType = sourcecode.swift; path = "ReminderListViewController+Actions.swift"; sourceTree = "<group>"; };
		2A4A27B32B1857FA00D39B59 /* ReminderViewController.swift */ = {isa = PBXFileReference; lastKnownFileType = sourcecode.swift; path = ReminderViewController.swift; sourceTree = "<group>"; };
		2A4A27B52B187CFE00D39B59 /* ReminderViewController+Row.swift */ = {isa = PBXFileReference; lastKnownFileType = sourcecode.swift; path = "ReminderViewController+Row.swift"; sourceTree = "<group>"; };
		2A6B4B9D2B3062CC00A70985 /* README.md */ = {isa = PBXFileReference; lastKnownFileType = net.daringfireball.markdown; path = README.md; sourceTree = "<group>"; };
		2A6B4BA02B30641200A70985 /* DetailScreen.png */ = {isa = PBXFileReference; lastKnownFileType = image.png; path = DetailScreen.png; sourceTree = "<group>"; };
		2A6B4BA12B30641200A70985 /* EditingScreen.png */ = {isa = PBXFileReference; lastKnownFileType = image.png; path = EditingScreen.png; sourceTree = "<group>"; };
		2A7C01752B1DC841009A809B /* ReminderViewController+Section.swift */ = {isa = PBXFileReference; lastKnownFileType = sourcecode.swift; path = "ReminderViewController+Section.swift"; sourceTree = "<group>"; };
		2A7C01772B1DE957009A809B /* ReminderViewController+CellConfiguration.swift */ = {isa = PBXFileReference; lastKnownFileType = sourcecode.swift; path = "ReminderViewController+CellConfiguration.swift"; sourceTree = "<group>"; };
		2A7C017B2B1E05D8009A809B /* UIView+PinnedSubviews.swift */ = {isa = PBXFileReference; lastKnownFileType = sourcecode.swift; path = "UIView+PinnedSubviews.swift"; sourceTree = "<group>"; };
		2A7C017D2B1E0A39009A809B /* TextFieldContentView.swift */ = {isa = PBXFileReference; lastKnownFileType = sourcecode.swift; path = TextFieldContentView.swift; sourceTree = "<group>"; };
		2A7C01812B1E473C009A809B /* TextViewContentView.swift */ = {isa = PBXFileReference; lastKnownFileType = sourcecode.swift; path = TextViewContentView.swift; sourceTree = "<group>"; };
		2A7C01832B1E4A59009A809B /* DatePickerContentView.swift */ = {isa = PBXFileReference; lastKnownFileType = sourcecode.swift; path = DatePickerContentView.swift; sourceTree = "<group>"; };
		2AA969462B1A0F950066DB14 /* generate_swiftlint_filelist.sh */ = {isa = PBXFileReference; lastKnownFileType = text.script.sh; path = generate_swiftlint_filelist.sh; sourceTree = "<group>"; };
		2AD188F42B33154900CF27E6 /* ReminderListStyle.swift */ = {isa = PBXFileReference; lastKnownFileType = sourcecode.swift; path = ReminderListStyle.swift; sourceTree = "<group>"; };
		2AD188F62B331FDA00CF27E6 /* MainScreen.png */ = {isa = PBXFileReference; lastKnownFileType = image.png; path = MainScreen.png; sourceTree = "<group>"; };
		2AD188F82B3323F600CF27E6 /* ProgressHeaderView.swift */ = {isa = PBXFileReference; lastKnownFileType = sourcecode.swift; path = ProgressHeaderView.swift; sourceTree = "<group>"; };
		4235D2BCB833079AC6B288C4 /* Pods-Today.release.xcconfig */ = {isa = PBXFileReference; includeInIndex = 1; lastKnownFileType = text.xcconfig; name = "Pods-Today.release.xcconfig"; path = "Target Support Files/Pods-Today/Pods-Today.release.xcconfig"; sourceTree = "<group>"; };
		B55AE66326FDFE5043BB8395 /* Pods-Today.debug.xcconfig */ = {isa = PBXFileReference; includeInIndex = 1; lastKnownFileType = text.xcconfig; name = "Pods-Today.debug.xcconfig"; path = "Target Support Files/Pods-Today/Pods-Today.debug.xcconfig"; sourceTree = "<group>"; };
		C48968DDF9EC30533F508261 /* Pods_Today.framework */ = {isa = PBXFileReference; explicitFileType = wrapper.framework; includeInIndex = 0; path = Pods_Today.framework; sourceTree = BUILT_PRODUCTS_DIR; };
/* End PBXFileReference section */

/* Begin PBXFrameworksBuildPhase section */
		2A2A547E2B1711620058C55D /* Frameworks */ = {
			isa = PBXFrameworksBuildPhase;
			buildActionMask = 2147483647;
			files = (
			);
			runOnlyForDeploymentPostprocessing = 0;
		};
/* End PBXFrameworksBuildPhase section */

/* Begin PBXGroup section */
		2A2A54782B1711620058C55D = {
			isa = PBXGroup;
			children = (
				2A6B4B9E2B30637C00A70985 /* Images */,
				2A6B4B9D2B3062CC00A70985 /* README.md */,
				2A2A54982B1716A10058C55D /* .gitignore */,
				FFFB35D95572DFBD926E87DD /* Frameworks */,
				F3691F7D75FF87D7B0AB5D9C /* Pods */,
				2A2A54822B1711620058C55D /* Products */,
				2A2A54832B1711620058C55D /* Today */,
			);
			sourceTree = "<group>";
		};
		2A2A54822B1711620058C55D /* Products */ = {
			isa = PBXGroup;
			children = (
				2A2A54812B1711620058C55D /* Today.app */,
			);
			name = Products;
			sourceTree = "<group>";
		};
		2A2A54832B1711620058C55D /* Today */ = {
			isa = PBXGroup;
			children = (
				2A2A54842B1711620058C55D /* AppDelegate.swift */,
				2A2A54862B1711620058C55D /* SceneDelegate.swift */,
				2A7C01792B1E0599009A809B /* ContentViews */,
				2A6D37222B18FB29009A2AEA /* Controllers */,
				2A6D37252B18FBAD009A2AEA /* Extensions */,
				2A2A549A2B171DC40058C55D /* Models */,
				2A6D37242B18FB48009A2AEA /* Storyboards */,
				2A6D37232B18FB3B009A2AEA /* SupportedFiles */,
			);
			path = Today;
			sourceTree = "<group>";
		};
		2A2A549A2B171DC40058C55D /* Models */ = {
			isa = PBXGroup;
			children = (
				2A2A549B2B171DEF0058C55D /* Reminder.swift */,
				2AD188F42B33154900CF27E6 /* ReminderListStyle.swift */,
			);
			path = Models;
			sourceTree = "<group>";
		};
		2A2A549F2B174EA20058C55D /* ListViewController */ = {
			isa = PBXGroup;
			children = (
				2A2A54A62B1777160058C55D /* ReminderDoneButton.swift */,
				2A2A54882B1711620058C55D /* ReminderListViewController.swift */,
				2A2A54A82B1778910058C55D /* ReminderListViewController+Actions.swift */,
				2A2A54A02B174ED80058C55D /* ReminderListViewController+DataSource.swift */,
				2AD188F82B3323F600CF27E6 /* ProgressHeaderView.swift */,
			);
			path = ListViewController;
			sourceTree = "<group>";
		};
		2A4A27B22B1857DE00D39B59 /* DetailViewController */ = {
			isa = PBXGroup;
			children = (
				2A4A27B32B1857FA00D39B59 /* ReminderViewController.swift */,
				2A4A27B52B187CFE00D39B59 /* ReminderViewController+Row.swift */,
				2A7C01752B1DC841009A809B /* ReminderViewController+Section.swift */,
				2A7C01772B1DE957009A809B /* ReminderViewController+CellConfiguration.swift */,
			);
			path = DetailViewController;
			sourceTree = "<group>";
		};
		2A6B4B9E2B30637C00A70985 /* Images */ = {
			isa = PBXGroup;
			children = (
				2AD188F62B331FDA00CF27E6 /* MainScreen.png */,
				2A6B4BA02B30641200A70985 /* DetailScreen.png */,
				2A6B4BA12B30641200A70985 /* EditingScreen.png */,
			);
			path = Images;
			sourceTree = "<group>";
		};
		2A6D37222B18FB29009A2AEA /* Controllers */ = {
			isa = PBXGroup;
			children = (
				2A4A27B22B1857DE00D39B59 /* DetailViewController */,
				2A2A549F2B174EA20058C55D /* ListViewController */,
			);
			path = Controllers;
			sourceTree = "<group>";
		};
		2A6D37232B18FB3B009A2AEA /* SupportedFiles */ = {
			isa = PBXGroup;
			children = (
				2A2A54922B1711630058C55D /* Info.plist */,
				2AA969462B1A0F950066DB14 /* generate_swiftlint_filelist.sh */,
				2A2A548D2B1711630058C55D /* Assets.xcassets */,
				2A2A548F2B1711630058C55D /* LaunchScreen.storyboard */,
			);
			path = SupportedFiles;
			sourceTree = "<group>";
		};
		2A6D37242B18FB48009A2AEA /* Storyboards */ = {
			isa = PBXGroup;
			children = (
				2A2A548A2B1711620058C55D /* Main.storyboard */,
			);
			path = Storyboards;
			sourceTree = "<group>";
		};
		2A6D37252B18FBAD009A2AEA /* Extensions */ = {
			isa = PBXGroup;
			children = (
				2A2A549D2B1748450058C55D /* Date+Today.swift */,
			);
			path = Extensions;
			sourceTree = "<group>";
		};
		2A7C01792B1E0599009A809B /* ContentViews */ = {
			isa = PBXGroup;
			children = (
				2A7C01832B1E4A59009A809B /* DatePickerContentView.swift */,
				2A7C017D2B1E0A39009A809B /* TextFieldContentView.swift */,
				2A7C01812B1E473C009A809B /* TextViewContentView.swift */,
				2A7C017B2B1E05D8009A809B /* UIView+PinnedSubviews.swift */,
			);
			path = ContentViews;
			sourceTree = "<group>";
		};
		F3691F7D75FF87D7B0AB5D9C /* Pods */ = {
			isa = PBXGroup;
			children = (
				B55AE66326FDFE5043BB8395 /* Pods-Today.debug.xcconfig */,
				4235D2BCB833079AC6B288C4 /* Pods-Today.release.xcconfig */,
			);
			path = Pods;
			sourceTree = "<group>";
		};
		FFFB35D95572DFBD926E87DD /* Frameworks */ = {
			isa = PBXGroup;
			children = (
				C48968DDF9EC30533F508261 /* Pods_Today.framework */,
			);
			name = Frameworks;
			sourceTree = "<group>";
		};
/* End PBXGroup section */

/* Begin PBXNativeTarget section */
		2A2A54802B1711620058C55D /* Today */ = {
			isa = PBXNativeTarget;
			buildConfigurationList = 2A2A54952B1711630058C55D /* Build configuration list for PBXNativeTarget "Today" */;
			buildPhases = (
				2A6D37212B189E20009A2AEA /* SwiftLint */,
				7AC2520F5F430AF6514F9950 /* [CP] Check Pods Manifest.lock */,
				2A2A547D2B1711620058C55D /* Sources */,
				2A2A547E2B1711620058C55D /* Frameworks */,
				2A2A547F2B1711620058C55D /* Resources */,
			);
			buildRules = (
			);
			dependencies = (
			);
			name = Today;
			productName = Today;
			productReference = 2A2A54812B1711620058C55D /* Today.app */;
			productType = "com.apple.product-type.application";
		};
/* End PBXNativeTarget section */

/* Begin PBXProject section */
		2A2A54792B1711620058C55D /* Project object */ = {
			isa = PBXProject;
			attributes = {
				BuildIndependentTargetsInParallel = 1;
				LastSwiftUpdateCheck = 1500;
				LastUpgradeCheck = 1500;
				TargetAttributes = {
					2A2A54802B1711620058C55D = {
						CreatedOnToolsVersion = 15.0;
					};
				};
			};
			buildConfigurationList = 2A2A547C2B1711620058C55D /* Build configuration list for PBXProject "Today" */;
			compatibilityVersion = "Xcode 14.0";
			developmentRegion = en;
			hasScannedForEncodings = 0;
			knownRegions = (
				en,
				Base,
			);
			mainGroup = 2A2A54782B1711620058C55D;
			productRefGroup = 2A2A54822B1711620058C55D /* Products */;
			projectDirPath = "";
			projectRoot = "";
			targets = (
				2A2A54802B1711620058C55D /* Today */,
			);
		};
/* End PBXProject section */

/* Begin PBXResourcesBuildPhase section */
		2A2A547F2B1711620058C55D /* Resources */ = {
			isa = PBXResourcesBuildPhase;
			buildActionMask = 2147483647;
			files = (
				2AD188F72B331FDA00CF27E6 /* MainScreen.png in Resources */,
				2A2A54992B1716A10058C55D /* .gitignore in Resources */,
				2A6B4BA32B30641200A70985 /* DetailScreen.png in Resources */,
				2AA969472B1A11B10066DB14 /* generate_swiftlint_filelist.sh in Resources */,
				2A6B4BA42B30641200A70985 /* EditingScreen.png in Resources */,
				2A2A54912B1711630058C55D /* LaunchScreen.storyboard in Resources */,
				2A2A548E2B1711630058C55D /* Assets.xcassets in Resources */,
				2A2A548C2B1711620058C55D /* Main.storyboard in Resources */,
			);
			runOnlyForDeploymentPostprocessing = 0;
		};
/* End PBXResourcesBuildPhase section */

/* Begin PBXShellScriptBuildPhase section */
		2A6D37212B189E20009A2AEA /* SwiftLint */ = {
			isa = PBXShellScriptBuildPhase;
			buildActionMask = 12;
			files = (
			);
			inputFileListPaths = (
				"",
			);
			inputPaths = (
				"\"$(SRCROOT)\"/build/build_phases/Today_swiftlint.xcfilelist",
			);
			name = SwiftLint;
			outputFileListPaths = (
			);
			outputPaths = (
				"\"$(SRCROOT)\"/build/build_phases/Today_swiftlint_static_output",
			);
			runOnlyForDeploymentPostprocessing = 0;
			shellPath = /bin/sh;
			shellScript = "\"${PODS_ROOT}/SwiftLint/swiftlint\"\n";
		};
		7AC2520F5F430AF6514F9950 /* [CP] Check Pods Manifest.lock */ = {
			isa = PBXShellScriptBuildPhase;
			buildActionMask = 2147483647;
			files = (
			);
			inputFileListPaths = (
			);
			inputPaths = (
				"${PODS_PODFILE_DIR_PATH}/Podfile.lock",
				"${PODS_ROOT}/Manifest.lock",
			);
			name = "[CP] Check Pods Manifest.lock";
			outputFileListPaths = (
			);
			outputPaths = (
				"$(DERIVED_FILE_DIR)/Pods-Today-checkManifestLockResult.txt",
			);
			runOnlyForDeploymentPostprocessing = 0;
			shellPath = /bin/sh;
			shellScript = "diff \"${PODS_PODFILE_DIR_PATH}/Podfile.lock\" \"${PODS_ROOT}/Manifest.lock\" > /dev/null\nif [ $? != 0 ] ; then\n    # print error to STDERR\n    echo \"error: The sandbox is not in sync with the Podfile.lock. Run 'pod install' or update your CocoaPods installation.\" >&2\n    exit 1\nfi\n# This output is used by Xcode 'outputs' to avoid re-running this script phase.\necho \"SUCCESS\" > \"${SCRIPT_OUTPUT_FILE_0}\"\n";
			showEnvVarsInLog = 0;
		};
/* End PBXShellScriptBuildPhase section */

/* Begin PBXSourcesBuildPhase section */
		2A2A547D2B1711620058C55D /* Sources */ = {
			isa = PBXSourcesBuildPhase;
			buildActionMask = 2147483647;
			files = (
				2A7C01762B1DC841009A809B /* ReminderViewController+Section.swift in Sources */,
				2A7C01842B1E4A59009A809B /* DatePickerContentView.swift in Sources */,
				2A2A54A92B1778910058C55D /* ReminderListViewController+Actions.swift in Sources */,
				2A2A54892B1711620058C55D /* ReminderListViewController.swift in Sources */,
				2A2A54A12B174ED80058C55D /* ReminderListViewController+DataSource.swift in Sources */,
				2A7C017C2B1E05D8009A809B /* UIView+PinnedSubviews.swift in Sources */,
				2A2A549E2B1748450058C55D /* Date+Today.swift in Sources */,
				2A7C01782B1DE957009A809B /* ReminderViewController+CellConfiguration.swift in Sources */,
				2A2A54852B1711620058C55D /* AppDelegate.swift in Sources */,
				2AD188F52B33154900CF27E6 /* ReminderListStyle.swift in Sources */,
				2A4A27B42B1857FA00D39B59 /* ReminderViewController.swift in Sources */,
				2A7C01822B1E473C009A809B /* TextViewContentView.swift in Sources */,
				2A4A27B62B187CFE00D39B59 /* ReminderViewController+Row.swift in Sources */,
				2A2A54872B1711620058C55D /* SceneDelegate.swift in Sources */,
				2A2A54A72B1777160058C55D /* ReminderDoneButton.swift in Sources */,
				2A7C017E2B1E0A39009A809B /* TextFieldContentView.swift in Sources */,
				2AD188F92B3323F600CF27E6 /* ProgressHeaderView.swift in Sources */,
				2A2A549C2B171DEF0058C55D /* Reminder.swift in Sources */,
			);
			runOnlyForDeploymentPostprocessing = 0;
		};
/* End PBXSourcesBuildPhase section */

/* Begin PBXVariantGroup section */
		2A2A548A2B1711620058C55D /* Main.storyboard */ = {
			isa = PBXVariantGroup;
			children = (
				2A2A548B2B1711620058C55D /* Base */,
			);
			name = Main.storyboard;
			sourceTree = "<group>";
		};
		2A2A548F2B1711630058C55D /* LaunchScreen.storyboard */ = {
			isa = PBXVariantGroup;
			children = (
				2A2A54902B1711630058C55D /* Base */,
			);
			name = LaunchScreen.storyboard;
			sourceTree = "<group>";
		};
/* End PBXVariantGroup section */

/* Begin XCBuildConfiguration section */
		2A2A54932B1711630058C55D /* Debug */ = {
			isa = XCBuildConfiguration;
			buildSettings = {
				ALWAYS_SEARCH_USER_PATHS = NO;
				ASSETCATALOG_COMPILER_GENERATE_SWIFT_ASSET_SYMBOL_EXTENSIONS = YES;
				CLANG_ANALYZER_NONNULL = YES;
				CLANG_ANALYZER_NUMBER_OBJECT_CONVERSION = YES_AGGRESSIVE;
				CLANG_CXX_LANGUAGE_STANDARD = "gnu++20";
				CLANG_ENABLE_MODULES = YES;
				CLANG_ENABLE_OBJC_ARC = YES;
				CLANG_ENABLE_OBJC_WEAK = YES;
				CLANG_WARN_BLOCK_CAPTURE_AUTORELEASING = YES;
				CLANG_WARN_BOOL_CONVERSION = YES;
				CLANG_WARN_COMMA = YES;
				CLANG_WARN_CONSTANT_CONVERSION = YES;
				CLANG_WARN_DEPRECATED_OBJC_IMPLEMENTATIONS = YES;
				CLANG_WARN_DIRECT_OBJC_ISA_USAGE = YES_ERROR;
				CLANG_WARN_DOCUMENTATION_COMMENTS = YES;
				CLANG_WARN_EMPTY_BODY = YES;
				CLANG_WARN_ENUM_CONVERSION = YES;
				CLANG_WARN_INFINITE_RECURSION = YES;
				CLANG_WARN_INT_CONVERSION = YES;
				CLANG_WARN_NON_LITERAL_NULL_CONVERSION = YES;
				CLANG_WARN_OBJC_IMPLICIT_RETAIN_SELF = YES;
				CLANG_WARN_OBJC_LITERAL_CONVERSION = YES;
				CLANG_WARN_OBJC_ROOT_CLASS = YES_ERROR;
				CLANG_WARN_QUOTED_INCLUDE_IN_FRAMEWORK_HEADER = YES;
				CLANG_WARN_RANGE_LOOP_ANALYSIS = YES;
				CLANG_WARN_STRICT_PROTOTYPES = YES;
				CLANG_WARN_SUSPICIOUS_MOVE = YES;
				CLANG_WARN_UNGUARDED_AVAILABILITY = YES_AGGRESSIVE;
				CLANG_WARN_UNREACHABLE_CODE = YES;
				CLANG_WARN__DUPLICATE_METHOD_MATCH = YES;
				COPY_PHASE_STRIP = NO;
				DEBUG_INFORMATION_FORMAT = dwarf;
				ENABLE_STRICT_OBJC_MSGSEND = YES;
				ENABLE_TESTABILITY = YES;
				ENABLE_USER_SCRIPT_SANDBOXING = YES;
				GCC_C_LANGUAGE_STANDARD = gnu17;
				GCC_DYNAMIC_NO_PIC = NO;
				GCC_NO_COMMON_BLOCKS = YES;
				GCC_OPTIMIZATION_LEVEL = 0;
				GCC_PREPROCESSOR_DEFINITIONS = (
					"DEBUG=1",
					"$(inherited)",
				);
				GCC_WARN_64_TO_32_BIT_CONVERSION = YES;
				GCC_WARN_ABOUT_RETURN_TYPE = YES_ERROR;
				GCC_WARN_UNDECLARED_SELECTOR = YES;
				GCC_WARN_UNINITIALIZED_AUTOS = YES_AGGRESSIVE;
				GCC_WARN_UNUSED_FUNCTION = YES;
				GCC_WARN_UNUSED_VARIABLE = YES;
				IPHONEOS_DEPLOYMENT_TARGET = 17.0;
				LOCALIZATION_PREFERS_STRING_CATALOGS = YES;
				MTL_ENABLE_DEBUG_INFO = INCLUDE_SOURCE;
				MTL_FAST_MATH = YES;
				ONLY_ACTIVE_ARCH = YES;
				SDKROOT = iphoneos;
				SWIFT_ACTIVE_COMPILATION_CONDITIONS = "DEBUG $(inherited)";
				SWIFT_OPTIMIZATION_LEVEL = "-Onone";
			};
			name = Debug;
		};
		2A2A54942B1711630058C55D /* Release */ = {
			isa = XCBuildConfiguration;
			buildSettings = {
				ALWAYS_SEARCH_USER_PATHS = NO;
				ASSETCATALOG_COMPILER_GENERATE_SWIFT_ASSET_SYMBOL_EXTENSIONS = YES;
				CLANG_ANALYZER_NONNULL = YES;
				CLANG_ANALYZER_NUMBER_OBJECT_CONVERSION = YES_AGGRESSIVE;
				CLANG_CXX_LANGUAGE_STANDARD = "gnu++20";
				CLANG_ENABLE_MODULES = YES;
				CLANG_ENABLE_OBJC_ARC = YES;
				CLANG_ENABLE_OBJC_WEAK = YES;
				CLANG_WARN_BLOCK_CAPTURE_AUTORELEASING = YES;
				CLANG_WARN_BOOL_CONVERSION = YES;
				CLANG_WARN_COMMA = YES;
				CLANG_WARN_CONSTANT_CONVERSION = YES;
				CLANG_WARN_DEPRECATED_OBJC_IMPLEMENTATIONS = YES;
				CLANG_WARN_DIRECT_OBJC_ISA_USAGE = YES_ERROR;
				CLANG_WARN_DOCUMENTATION_COMMENTS = YES;
				CLANG_WARN_EMPTY_BODY = YES;
				CLANG_WARN_ENUM_CONVERSION = YES;
				CLANG_WARN_INFINITE_RECURSION = YES;
				CLANG_WARN_INT_CONVERSION = YES;
				CLANG_WARN_NON_LITERAL_NULL_CONVERSION = YES;
				CLANG_WARN_OBJC_IMPLICIT_RETAIN_SELF = YES;
				CLANG_WARN_OBJC_LITERAL_CONVERSION = YES;
				CLANG_WARN_OBJC_ROOT_CLASS = YES_ERROR;
				CLANG_WARN_QUOTED_INCLUDE_IN_FRAMEWORK_HEADER = YES;
				CLANG_WARN_RANGE_LOOP_ANALYSIS = YES;
				CLANG_WARN_STRICT_PROTOTYPES = YES;
				CLANG_WARN_SUSPICIOUS_MOVE = YES;
				CLANG_WARN_UNGUARDED_AVAILABILITY = YES_AGGRESSIVE;
				CLANG_WARN_UNREACHABLE_CODE = YES;
				CLANG_WARN__DUPLICATE_METHOD_MATCH = YES;
				COPY_PHASE_STRIP = NO;
				DEBUG_INFORMATION_FORMAT = "dwarf-with-dsym";
				ENABLE_NS_ASSERTIONS = NO;
				ENABLE_STRICT_OBJC_MSGSEND = YES;
				ENABLE_USER_SCRIPT_SANDBOXING = YES;
				GCC_C_LANGUAGE_STANDARD = gnu17;
				GCC_NO_COMMON_BLOCKS = YES;
				GCC_WARN_64_TO_32_BIT_CONVERSION = YES;
				GCC_WARN_ABOUT_RETURN_TYPE = YES_ERROR;
				GCC_WARN_UNDECLARED_SELECTOR = YES;
				GCC_WARN_UNINITIALIZED_AUTOS = YES_AGGRESSIVE;
				GCC_WARN_UNUSED_FUNCTION = YES;
				GCC_WARN_UNUSED_VARIABLE = YES;
				IPHONEOS_DEPLOYMENT_TARGET = 17.0;
				LOCALIZATION_PREFERS_STRING_CATALOGS = YES;
				MTL_ENABLE_DEBUG_INFO = NO;
				MTL_FAST_MATH = YES;
				SDKROOT = iphoneos;
				SWIFT_COMPILATION_MODE = wholemodule;
				VALIDATE_PRODUCT = YES;
			};
			name = Release;
		};
		2A2A54962B1711630058C55D /* Debug */ = {
			isa = XCBuildConfiguration;
			baseConfigurationReference = B55AE66326FDFE5043BB8395 /* Pods-Today.debug.xcconfig */;
			buildSettings = {
				ASSETCATALOG_COMPILER_APPICON_NAME = AppIcon;
				ASSETCATALOG_COMPILER_GLOBAL_ACCENT_COLOR_NAME = AccentColor;
				CODE_SIGN_STYLE = Automatic;
				CURRENT_PROJECT_VERSION = 1;
				DEVELOPMENT_TEAM = H94WDCFCK6;
				ENABLE_USER_SCRIPT_SANDBOXING = NO;
				GENERATE_INFOPLIST_FILE = YES;
				INFOPLIST_FILE = Today/SupportedFiles/Info.plist;
				INFOPLIST_KEY_UIApplicationSupportsIndirectInputEvents = YES;
				INFOPLIST_KEY_UILaunchStoryboardName = LaunchScreen;
				INFOPLIST_KEY_UIMainStoryboardFile = Main;
				INFOPLIST_KEY_UISupportedInterfaceOrientations = UIInterfaceOrientationPortrait;
				INFOPLIST_KEY_UISupportedInterfaceOrientations_iPad = "UIInterfaceOrientationLandscapeLeft UIInterfaceOrientationLandscapeRight UIInterfaceOrientationPortrait UIInterfaceOrientationPortraitUpsideDown";
				LD_RUNPATH_SEARCH_PATHS = (
					"$(inherited)",
					"@executable_path/Frameworks",
				);
				MARKETING_VERSION = 1.0;
				PRODUCT_BUNDLE_IDENTIFIER = com.alekseev.oleg.Today;
				PRODUCT_NAME = "$(TARGET_NAME)";
				SWIFT_EMIT_LOC_STRINGS = YES;
				SWIFT_VERSION = 5.0;
				TARGETED_DEVICE_FAMILY = "1,2";
			};
			name = Debug;
		};
		2A2A54972B1711630058C55D /* Release */ = {
			isa = XCBuildConfiguration;
			baseConfigurationReference = 4235D2BCB833079AC6B288C4 /* Pods-Today.release.xcconfig */;
			buildSettings = {
				ASSETCATALOG_COMPILER_APPICON_NAME = AppIcon;
				ASSETCATALOG_COMPILER_GLOBAL_ACCENT_COLOR_NAME = AccentColor;
				CODE_SIGN_STYLE = Automatic;
				CURRENT_PROJECT_VERSION = 1;
				DEVELOPMENT_TEAM = H94WDCFCK6;
				ENABLE_USER_SCRIPT_SANDBOXING = NO;
				GENERATE_INFOPLIST_FILE = YES;
				INFOPLIST_FILE = Today/SupportedFiles/Info.plist;
				INFOPLIST_KEY_UIApplicationSupportsIndirectInputEvents = YES;
				INFOPLIST_KEY_UILaunchStoryboardName = LaunchScreen;
				INFOPLIST_KEY_UIMainStoryboardFile = Main;
				INFOPLIST_KEY_UISupportedInterfaceOrientations = UIInterfaceOrientationPortrait;
				INFOPLIST_KEY_UISupportedInterfaceOrientations_iPad = "UIInterfaceOrientationLandscapeLeft UIInterfaceOrientationLandscapeRight UIInterfaceOrientationPortrait UIInterfaceOrientationPortraitUpsideDown";
				LD_RUNPATH_SEARCH_PATHS = (
					"$(inherited)",
					"@executable_path/Frameworks",
				);
				MARKETING_VERSION = 1.0;
				PRODUCT_BUNDLE_IDENTIFIER = com.alekseev.oleg.Today;
				PRODUCT_NAME = "$(TARGET_NAME)";
				SWIFT_EMIT_LOC_STRINGS = YES;
				SWIFT_VERSION = 5.0;
				TARGETED_DEVICE_FAMILY = "1,2";
			};
			name = Release;
		};
/* End XCBuildConfiguration section */

/* Begin XCConfigurationList section */
		2A2A547C2B1711620058C55D /* Build configuration list for PBXProject "Today" */ = {
			isa = XCConfigurationList;
			buildConfigurations = (
				2A2A54932B1711630058C55D /* Debug */,
				2A2A54942B1711630058C55D /* Release */,
			);
			defaultConfigurationIsVisible = 0;
			defaultConfigurationName = Release;
		};
		2A2A54952B1711630058C55D /* Build configuration list for PBXNativeTarget "Today" */ = {
			isa = XCConfigurationList;
			buildConfigurations = (
				2A2A54962B1711630058C55D /* Debug */,
				2A2A54972B1711630058C55D /* Release */,
			);
			defaultConfigurationIsVisible = 0;
			defaultConfigurationName = Release;
		};
/* End XCConfigurationList section */
	};
	rootObject = 2A2A54792B1711620058C55D /* Project object */;
}
